{
  "requires": true,
  "lockfileVersion": 1,
  "dependencies": {
    "@angular/animations": {
      "version": "8.2.14",
      "resolved": "https://registry.npmjs.org/@angular/animations/-/animations-8.2.14.tgz",
      "integrity": "sha512-3Vc9TnNpKdtvKIXcWDFINSsnwgEMiDmLzjceWg1iYKwpeZGQahUXPoesLwQazBMmxJzQiA4HOMj0TTXKZ+Jzkg==",
      "requires": {
        "tslib": "^1.9.0"
      },
      "dependencies": {
        "tslib": {
          "version": "1.14.1",
          "resolved": "https://registry.npmjs.org/tslib/-/tslib-1.14.1.tgz",
          "integrity": "sha512-Xni35NKzjgMrwevysHTCArtLDpPvye8zV/0E4EyYn43P7/7qvQwPh9BGkHewbMulVntbigmcT7rdX3BNo9wRJg=="
        }
      }
    },
    "@angular/common": {
      "version": "8.2.14",
      "resolved": "https://registry.npmjs.org/@angular/common/-/common-8.2.14.tgz",
      "integrity": "sha512-Qmt+aX2quUW54kaNT7QH7WGXnFxr/cC2C6sf5SW5SdkZfDQSiz8IaItvieZfXVQUbBOQKFRJ7TlSkt0jI/yjvw==",
      "requires": {
        "tslib": "^1.9.0"
      },
      "dependencies": {
        "tslib": {
          "version": "1.14.1",
          "resolved": "https://registry.npmjs.org/tslib/-/tslib-1.14.1.tgz",
          "integrity": "sha512-Xni35NKzjgMrwevysHTCArtLDpPvye8zV/0E4EyYn43P7/7qvQwPh9BGkHewbMulVntbigmcT7rdX3BNo9wRJg=="
        }
      }
    },
    "@angular/compiler": {
      "version": "8.2.14",
      "resolved": "https://registry.npmjs.org/@angular/compiler/-/compiler-8.2.14.tgz",
      "integrity": "sha512-ABZO4E7eeFA1QyJ2trDezxeQM5ZFa1dXw1Mpl/+1vuXDKNjJgNyWYwKp/NwRkLmrsuV0yv4UDCDe4kJOGbPKnw==",
      "requires": {
        "tslib": "^1.9.0"
      },
      "dependencies": {
        "tslib": {
          "version": "1.14.1",
          "resolved": "https://registry.npmjs.org/tslib/-/tslib-1.14.1.tgz",
          "integrity": "sha512-Xni35NKzjgMrwevysHTCArtLDpPvye8zV/0E4EyYn43P7/7qvQwPh9BGkHewbMulVntbigmcT7rdX3BNo9wRJg=="
        }
      }
    },
    "@angular/core": {
      "version": "14.2.9",
      "resolved": "https://registry.npmjs.org/@angular/core/-/core-14.2.9.tgz",
      "integrity": "sha512-6bExQgGmN9qmBbVMl7WaZ1KFSfTgFK+MmLbvoh4a29b47h7wvEuUWO7ulczzoUJQfMGfXU/4ypEW1a8ZhX+Xrg==",
      "requires": {
        "tslib": "^2.3.0"
      }
    },
    "@angular/forms": {
      "version": "8.2.14",
      "resolved": "https://registry.npmjs.org/@angular/forms/-/forms-8.2.14.tgz",
      "integrity": "sha512-zhyKL3CFIqcyHJ/TQF/h1OZztK611a6rxuPHCrt/5Sn1SuBTJJQ1pPTkOYIDy6IrCrtyANc8qB6P17Mao71DNQ==",
      "requires": {
        "tslib": "^1.9.0"
      },
      "dependencies": {
        "tslib": {
          "version": "1.14.1",
          "resolved": "https://registry.npmjs.org/tslib/-/tslib-1.14.1.tgz",
          "integrity": "sha512-Xni35NKzjgMrwevysHTCArtLDpPvye8zV/0E4EyYn43P7/7qvQwPh9BGkHewbMulVntbigmcT7rdX3BNo9wRJg=="
        }
      }
    },
    "@angular/platform-browser": {
      "version": "8.2.14",
      "resolved": "https://registry.npmjs.org/@angular/platform-browser/-/platform-browser-8.2.14.tgz",
      "integrity": "sha512-MtJptptyKzsE37JZ2VB/tI4cvMrdAH+cT9pMBYZd66YSZfKjIj5s+AZo7z8ncoskQSB1o3HMfDjSK7QXGx1mLQ==",
      "requires": {
        "tslib": "^1.9.0"
      },
      "dependencies": {
        "tslib": {
          "version": "1.14.1",
          "resolved": "https://registry.npmjs.org/tslib/-/tslib-1.14.1.tgz",
          "integrity": "sha512-Xni35NKzjgMrwevysHTCArtLDpPvye8zV/0E4EyYn43P7/7qvQwPh9BGkHewbMulVntbigmcT7rdX3BNo9wRJg=="
        }
      }
    },
    "@angular/platform-browser-dynamic": {
      "version": "8.2.14",
      "resolved": "https://registry.npmjs.org/@angular/platform-browser-dynamic/-/platform-browser-dynamic-8.2.14.tgz",
      "integrity": "sha512-mO2JPR5kLU/A3AQngy9+R/Q5gaF9csMStBQjwsCRI0wNtlItOIGL6+wTYpiTuh/ux+WVN1F2sLcEYU4Zf1ud9A==",
      "requires": {
        "tslib": "^1.9.0"
      },
      "dependencies": {
        "tslib": {
          "version": "1.14.1",
          "resolved": "https://registry.npmjs.org/tslib/-/tslib-1.14.1.tgz",
          "integrity": "sha512-Xni35NKzjgMrwevysHTCArtLDpPvye8zV/0E4EyYn43P7/7qvQwPh9BGkHewbMulVntbigmcT7rdX3BNo9wRJg=="
        }
      }
    },
    "@angular/router": {
      "version": "8.2.14",
      "resolved": "https://registry.npmjs.org/@angular/router/-/router-8.2.14.tgz",
      "integrity": "sha512-DHA2BhODqV7F0g6ZKgFaZgbsqzHHWRcfWchCOrOVKu2rYiKUTwwHVLBgZAhrpNeinq2pWanVYSIhMr7wy+LfEA==",
      "requires": {
        "tslib": "^1.9.0"
      },
      "dependencies": {
        "tslib": {
          "version": "1.14.1",
          "resolved": "https://registry.npmjs.org/tslib/-/tslib-1.14.1.tgz",
          "integrity": "sha512-Xni35NKzjgMrwevysHTCArtLDpPvye8zV/0E4EyYn43P7/7qvQwPh9BGkHewbMulVntbigmcT7rdX3BNo9wRJg=="
        }
      }
    },
    "@babel/runtime": {
      "version": "7.20.1",
      "resolved": "https://registry.npmjs.org/@babel/runtime/-/runtime-7.20.1.tgz",
      "integrity": "sha512-mrzLkl6U9YLF8qpqI7TB82PESyEGjm/0Ly91jG575eVxMMlb8fYfOXFZIJ8XfLrJZQbm7dlKry2bJmXBUEkdFg==",
      "requires": {
        "regenerator-runtime": "^0.13.10"
      }
    },
    "@chevrotain/cst-dts-gen": {
      "version": "10.4.1",
      "resolved": "https://registry.npmjs.org/@chevrotain/cst-dts-gen/-/cst-dts-gen-10.4.1.tgz",
      "integrity": "sha512-wNDw9Rh6dPJKH275er8nijuDIpTcG2GjQANjnG8RaeGkZ3JN99+u6HRtnjKhjoi4NY9rg+udHChHQSskZtlkPw==",
      "requires": {
        "@chevrotain/gast": "10.4.1",
        "@chevrotain/types": "10.4.1",
        "lodash": "4.17.21"
      }
    },
    "@chevrotain/gast": {
      "version": "10.4.1",
      "resolved": "https://registry.npmjs.org/@chevrotain/gast/-/gast-10.4.1.tgz",
      "integrity": "sha512-HRv66QVbmC7eb/ppwsPCfNH4oZ/VV+thuMZILm7A7W6Q5M0tqiZv0ecdiB8hydmPO8je0aSrXEOCcaA6fuXc3Q==",
      "requires": {
        "@chevrotain/types": "10.4.1",
        "lodash": "4.17.21"
      }
    },
    "@chevrotain/types": {
      "version": "10.4.1",
      "resolved": "https://registry.npmjs.org/@chevrotain/types/-/types-10.4.1.tgz",
      "integrity": "sha512-J8iyZNn/RGYWSyNJdGd3QI01gKFUx4mCSM0+vEqmIw9TXFlxj1IsHteXFahtezSHjgMtBTqWn6hb2YxCLjpHVg=="
    },
    "@chevrotain/utils": {
      "version": "10.4.1",
      "resolved": "https://registry.npmjs.org/@chevrotain/utils/-/utils-10.4.1.tgz",
      "integrity": "sha512-vPIgzES8QhHMchb5UaQ4V/c9xmoaECN+4EXpuhWE+pu3LXJUUtAwDn/SEKFgtyiRo269Hxv3b0NbPlQfH0jeVA=="
    },
    "@types/offscreencanvas": {
      "version": "2019.7.0",
      "resolved": "https://registry.npmjs.org/@types/offscreencanvas/-/offscreencanvas-2019.7.0.tgz",
      "integrity": "sha512-PGcyveRIpL1XIqK8eBsmRBt76eFgtzuPiSTyKHZxnGemp2yzGzWpjYKAfK3wIMiU7eH+851yEpiuP8JZerTmWg=="
    },
    "@webgpu/glslang": {
      "version": "0.0.15",
      "resolved": "https://registry.npmjs.org/@webgpu/glslang/-/glslang-0.0.15.tgz",
      "integrity": "sha512-niT+Prh3Aff8Uf1MVBVUsaNjFj9rJAKDXuoHIKiQbB+6IUP/3J3JIhBNyZ7lDhytvXxw6ppgnwKZdDJ08UMj4Q=="
    },
    "chevrotain": {
      "version": "10.4.1",
      "resolved": "https://registry.npmjs.org/chevrotain/-/chevrotain-10.4.1.tgz",
      "integrity": "sha512-1y4vnssauVmrrP5MBaJ6DZvsv3BpXLlKVNK5S52fTGQHqg09qxMDBAz0wZbb04Ovc1pBCA4obcCjOlRioIV+cA==",
      "requires": {
        "@chevrotain/cst-dts-gen": "10.4.1",
        "@chevrotain/gast": "10.4.1",
        "@chevrotain/types": "10.4.1",
        "@chevrotain/utils": "10.4.1",
        "lodash": "4.17.21",
        "regexp-to-ast": "0.5.0"
      }
    },
    "draco3d": {
      "version": "1.5.5",
      "resolved": "https://registry.npmjs.org/draco3d/-/draco3d-1.5.5.tgz",
      "integrity": "sha512-JVuNV0EJzD3LBYhGyIXJLeBID/EVtmFO1ZNhAYflTgiMiAJlbhXQmRRda/azjc8MRVMHh0gqGhiqHUo5dIXM8Q=="
    },
    "emitter-component": {
      "version": "1.1.1",
      "resolved": "https://registry.npmjs.org/emitter-component/-/emitter-component-1.1.1.tgz",
      "integrity": "sha512-G+mpdiAySMuB7kesVRLuyvYRqDmshB7ReKEVuyBPkzQlmiDiLrt7hHHIy4Aff552bgknVN7B2/d3lzhGO5dvpQ=="
    },
    "fflate": {
      "version": "0.6.10",
      "resolved": "https://registry.npmjs.org/fflate/-/fflate-0.6.10.tgz",
      "integrity": "sha512-IQrh3lEPM93wVCEczc9SaAOvkmcoQn/G8Bo1e8ZPlY3X3bnAxWaBdvTdvM1hP62iZp0BXWDy4vTAy4fF0+Dlpg=="
    },
    "fs-web": {
      "version": "1.0.1",
      "resolved": "https://registry.npmjs.org/fs-web/-/fs-web-1.0.1.tgz",
      "integrity": "sha512-PUVyPo4SUkGGF3IxFAlzFMCsBi9g9tiRaruN7Bqqy/JHGxCPcX9FiW3w9EnQSG5j/vy3aG+vXJWxaxY2SI4wig==",
      "requires": {
        "path": "git://github.com/component/path.git#7b4f23c38833a5232cd5e3d50ccb8cd13dbcd2f4"
      },
      "dependencies": {
        "path": {
          "version": "git://github.com/component/path.git#7b4f23c38833a5232cd5e3d50ccb8cd13dbcd2f4",
          "from": "git://github.com/component/path.git#7b4f23c38833a5232cd5e3d50ccb8cd13dbcd2f4"
        }
      }
    },
    "google-icon": {
      "version": "1.0.1",
      "resolved": "https://registry.npmjs.org/google-icon/-/google-icon-1.0.1.tgz",
      "integrity": "sha512-1O3t7hux5S5DB5t5FKYG0T75Ss6zy0YQLkkr569Waw6K5aQaJ3FCuNYipY+VCXqVH6EKzx33W91zwlJUJiAiHw==",
      "requires": {
        "@angular/animations": "~8.2.0",
        "@angular/common": "~8.2.0",
        "@angular/compiler": "~8.2.0",
        "@angular/core": "~8.2.0",
        "@angular/forms": "~8.2.0",
        "@angular/platform-browser": "~8.2.0",
        "@angular/platform-browser-dynamic": "~8.2.0",
        "@angular/router": "~8.2.0",
        "rxjs": "~6.4.0",
        "tslib": "^1.10.0",
        "zone.js": "~0.9.1"
      },
      "dependencies": {
        "@angular/core": {
          "version": "8.2.14",
          "resolved": "https://registry.npmjs.org/@angular/core/-/core-8.2.14.tgz",
          "integrity": "sha512-zeePkigi+hPh3rN7yoNENG/YUBUsIvUXdxx+AZq+QPaFeKEA2FBSrKn36ojHFrdJUjKzl0lPMEiGC2b6a6bo6g==",
          "requires": {
            "tslib": "^1.9.0"
          }
        },
        "rxjs": {
          "version": "6.4.0",
          "resolved": "https://registry.npmjs.org/rxjs/-/rxjs-6.4.0.tgz",
          "integrity": "sha512-Z9Yfa11F6B9Sg/BK9MnqnQ+aQYicPLtilXBp2yUtDt2JRCE0h26d33EnfO3ZxoNxG0T92OUucP3Ct7cpfkdFfw==",
          "requires": {
            "tslib": "^1.9.0"
          }
        },
        "tslib": {
          "version": "1.14.1",
          "resolved": "https://registry.npmjs.org/tslib/-/tslib-1.14.1.tgz",
          "integrity": "sha512-Xni35NKzjgMrwevysHTCArtLDpPvye8zV/0E4EyYn43P7/7qvQwPh9BGkHewbMulVntbigmcT7rdX3BNo9wRJg=="
        }
      }
    },
    "ktx-parse": {
      "version": "0.4.5",
      "resolved": "https://registry.npmjs.org/ktx-parse/-/ktx-parse-0.4.5.tgz",
      "integrity": "sha512-MK3FOody4TXbFf8Yqv7EBbySw7aPvEcPX++Ipt6Sox+/YMFvR5xaTyhfNSk1AEmMy+RYIw81ctN4IMxCB8OAlg=="
    },
    "lodash": {
      "version": "4.17.21",
      "resolved": "https://registry.npmjs.org/lodash/-/lodash-4.17.21.tgz",
      "integrity": "sha512-v2kDEe57lecTulaDIuNTPy3Ry4gLGJ6Z1O3vE1krgXZNrsQ+LFTGHVxVjcXPs17LhbZVGedAJv8XZ1tvj5FvSg=="
    },
    "mmd-parser": {
      "version": "1.0.4",
      "resolved": "https://registry.npmjs.org/mmd-parser/-/mmd-parser-1.0.4.tgz",
      "integrity": "sha512-Qi0VCU46t2IwfGv5KF0+D/t9cizcDug7qnNoy9Ggk7aucp0tssV8IwTMkBlDbm+VqAf3cdQHTCARKSsuS2MYFg=="
    },
    "opentype.js": {
      "version": "1.3.4",
      "resolved": "https://registry.npmjs.org/opentype.js/-/opentype.js-1.3.4.tgz",
      "integrity": "sha512-d2JE9RP/6uagpQAVtJoF0pJJA/fgai89Cc50Yp0EJHk+eLp6QQ7gBoblsnubRULNY132I0J1QKMJ+JTbMqz4sw==",
      "requires": {
        "string.prototype.codepointat": "^0.2.1",
        "tiny-inflate": "^1.0.3"
      }
    },
    "path": {
      "version": "0.12.7",
      "resolved": "https://registry.npmjs.org/path/-/path-0.12.7.tgz",
      "integrity": "sha512-aXXC6s+1w7otVF9UletFkFcDsJeO7lSZBPUQhtb5O0xJe8LtYhj/GxldoL09bBj9+ZmE2hNoHqQSFMN5fikh4Q==",
      "requires": {
        "process": "^0.11.1",
        "util": "^0.10.3"
      }
    },
    "potpack": {
      "version": "1.0.2",
      "resolved": "https://registry.npmjs.org/potpack/-/potpack-1.0.2.tgz",
      "integrity": "sha512-choctRBIV9EMT9WGAZHn3V7t0Z2pMQyl0EZE6pFc/6ml3ssw7Dlf/oAOvFwjm1HVsqfQN8GfeFyJ+d8tRzqueQ=="
    },
    "process": {
      "version": "0.11.10",
      "resolved": "https://registry.npmjs.org/process/-/process-0.11.10.tgz",
      "integrity": "sha512-cdGef/drWFoydD1JsMzuFf8100nZl+GT+yacc2bEced5f9Rjk4z+WtFUTBu9PhOi9j/jfmBPu0mMEY4wIdAF8A=="
    },
    "regenerator-runtime": {
      "version": "0.13.10",
      "resolved": "https://registry.npmjs.org/regenerator-runtime/-/regenerator-runtime-0.13.10.tgz",
      "integrity": "sha512-KepLsg4dU12hryUO7bp/axHAKvwGOCV0sGloQtpagJ12ai+ojVDqkeGSiRX1zlq+kjIMZ1t7gpze+26QqtdGqw=="
    },
    "regexp-to-ast": {
      "version": "0.5.0",
      "resolved": "https://registry.npmjs.org/regexp-to-ast/-/regexp-to-ast-0.5.0.tgz",
      "integrity": "sha512-tlbJqcMHnPKI9zSrystikWKwHkBqu2a/Sgw01h3zFjvYrMxEDYHzzoMZnUrbIfpTFEsoRnnviOXNCzFiSc54Qw=="
    },
    "stream": {
      "version": "0.0.2",
      "resolved": "https://registry.npmjs.org/stream/-/stream-0.0.2.tgz",
      "integrity": "sha512-gCq3NDI2P35B2n6t76YJuOp7d6cN/C7Rt0577l91wllh0sY9ZBuw9KaSGqH/b0hzn3CWWJbpbW0W0WvQ1H/Q7g==",
      "requires": {
        "emitter-component": "^1.1.1"
      }
    },
    "string.prototype.codepointat": {
      "version": "0.2.1",
      "resolved": "https://registry.npmjs.org/string.prototype.codepointat/-/string.prototype.codepointat-0.2.1.tgz",
      "integrity": "sha512-2cBVCj6I4IOvEnjgO/hWqXjqBGsY+zwPmHl12Srk9IXSZ56Jwwmy+66XO5Iut/oQVR7t5ihYdLB0GMa4alEUcg=="
    },
    "three-stdlib": {
      "version": "2.17.3",
      "resolved": "https://registry.npmjs.org/three-stdlib/-/three-stdlib-2.17.3.tgz",
      "integrity": "sha512-k2VwPXi75ySy0fxPIeUk3mLkj3/j+sCFK4g9Kp5J7w0PUh6qrCdhah7L6+On6fW5mBdVtML4Q5yEyN1R0Cfvqw==",
      "requires": {
        "@babel/runtime": "^7.16.7",
        "@types/offscreencanvas": "^2019.6.4",
        "@webgpu/glslang": "^0.0.15",
        "chevrotain": "^10.1.2",
        "draco3d": "^1.4.1",
        "fflate": "^0.6.9",
        "ktx-parse": "^0.4.5",
        "mmd-parser": "^1.0.4",
        "opentype.js": "^1.3.3",
        "potpack": "^1.0.1",
        "zstddec": "^0.0.2"
      }
    },
    "tiny-inflate": {
      "version": "1.0.3",
      "resolved": "https://registry.npmjs.org/tiny-inflate/-/tiny-inflate-1.0.3.tgz",
      "integrity": "sha512-pkY1fj1cKHb2seWDy0B16HeWyczlJA9/WW3u3c4z/NiWDsO3DOU5D7nhTLE9CF0yXv/QZFY7sEJmj24dK+Rrqw=="
    },
    "tslib": {
      "version": "2.4.1",
      "resolved": "https://registry.npmjs.org/tslib/-/tslib-2.4.1.tgz",
      "integrity": "sha512-tGyy4dAjRIEwI7BzsB0lynWgOpfqjUdq91XXAlIWD2OwKBH7oCl/GZG/HT4BOHrTlPMOASlMQ7veyTqpmRcrNA=="
    },
    "util": {
      "version": "0.10.4",
      "resolved": "https://registry.npmjs.org/util/-/util-0.10.4.tgz",
      "integrity": "sha512-0Pm9hTQ3se5ll1XihRic3FDIku70C+iHUdT/W926rSgHV5QgXsYbKZN8MSC3tJtSkhuROzvsQjAaFENRXr+19A==",
      "requires": {
        "inherits": "2.0.3"
      },
      "dependencies": {
        "inherits": {
          "version": "2.0.3",
          "resolved": "https://registry.npmjs.org/inherits/-/inherits-2.0.3.tgz",
          "integrity": "sha512-x00IRNXNy63jwGkJmzPigoySHbaqpNuzKbBOmzK+g2OdZpQ9w+sxCN+VSB3ja7IAge2OP2qpfxTjeNcyjmW1uw=="
        }
      }
    },
    "zone.js": {
      "version": "0.9.1",
      "resolved": "https://registry.npmjs.org/zone.js/-/zone.js-0.9.1.tgz",
      "integrity": "sha512-GkPiJL8jifSrKReKaTZ5jkhrMEgXbXYC+IPo1iquBjayRa0q86w3Dipjn8b415jpitMExe9lV8iTsv8tk3DGag=="
    },
    "zstddec": {
      "version": "0.0.2",
      "resolved": "https://registry.npmjs.org/zstddec/-/zstddec-0.0.2.tgz",
      "integrity": "sha512-DCo0oxvcvOTGP/f5FA6tz2Z6wF+FIcEApSTu0zV5sQgn9hoT5lZ9YRAKUraxt9oP7l4e8TnNdi8IZTCX6WCkwA=="
    }
  }
}
